
Microsoft Visual Studio Solution File, Format Version 12.00
# Visual Studio Version 17
VisualStudioVersion = 17.8.34330.188
MinimumVisualStudioVersion = 10.0.40219.1
Project("{FAE04EC0-301F-11D3-BF4B-00C04F79EFBC}") = "Demo", "Demo\Demo.csproj", "{6FDF1C72-D866-4786-A519-9FB1D9015346}"
EndProject
Global
	GlobalSection(SolutionConfigurationPlatforms) = preSolution
		Debug|Any CPU = Debug|Any CPU
		Release|Any CPU = Release|Any CPU
	EndGlobalSection
	GlobalSection(ProjectConfigurationPlatforms) = postSolution
		{6FDF1C72-D866-4786-A519-9FB1D9015346}.Debug|Any CPU.ActiveCfg = Debug|Any CPU
		{6FDF1C72-D866-4786-A519-9FB1D9015346}.Debug|Any CPU.Build.0 = Debug|Any CPU
		{6FDF1C72-D866-4786-A519-9FB1D9015346}.Release|Any CPU.ActiveCfg = Release|Any CPU
		{6FDF1C72-D866-4786-A519-9FB1D9015346}.Release|Any CPU.Build.0 = Release|Any CPU
	EndGlobalSection
	GlobalSection(SolutionProperties) = preSolution
		HideSolutionNode = FALSE
	EndGlobalSection
	GlobalSection(ExtensibilityGlobals) = postSolution
		SolutionGuid = {FDC4EA9E-303E-4C54-93F1-5A681A5B91F3}
	EndGlobalSection
EndGlobal
